// !$*UTF8*$!
{
	archiveVersion = 1;
	classes = {
	};
	objectVersion = 46;
	objects = {

/* Begin PBXBuildFile section */
		831ECD1118DD0FFF004D3C42 /* Foundation.framework in Frameworks */ = {isa = PBXBuildFile; fileRef = 831ECD1018DD0FFF004D3C42 /* Foundation.framework */; };
		831ECD1318DD0FFF004D3C42 /* CoreGraphics.framework in Frameworks */ = {isa = PBXBuildFile; fileRef = 831ECD1218DD0FFF004D3C42 /* CoreGraphics.framework */; };
		831ECD1518DD0FFF004D3C42 /* UIKit.framework in Frameworks */ = {isa = PBXBuildFile; fileRef = 831ECD1418DD0FFF004D3C42 /* UIKit.framework */; };
		831ECD1B18DD0FFF004D3C42 /* InfoPlist.strings in Resources */ = {isa = PBXBuildFile; fileRef = 831ECD1918DD0FFF004D3C42 /* InfoPlist.strings */; };
		831ECD1D18DD0FFF004D3C42 /* main.m in Sources */ = {isa = PBXBuildFile; fileRef = 831ECD1C18DD0FFF004D3C42 /* main.m */; };
		831ECD2118DD0FFF004D3C42 /* ccarter_AppDelegate.m in Sources */ = {isa = PBXBuildFile; fileRef = 831ECD2018DD0FFF004D3C42 /* ccarter_AppDelegate.m */; };
		831ECD2418DD0FFF004D3C42 /* Main.storyboard in Resources */ = {isa = PBXBuildFile; fileRef = 831ECD2218DD0FFF004D3C42 /* Main.storyboard */; };
		831ECD2718DD0FFF004D3C42 /* ccarter_ViewController.m in Sources */ = {isa = PBXBuildFile; fileRef = 831ECD2618DD0FFF004D3C42 /* ccarter_ViewController.m */; };
		831ECD2918DD0FFF004D3C42 /* Images.xcassets in Resources */ = {isa = PBXBuildFile; fileRef = 831ECD2818DD0FFF004D3C42 /* Images.xcassets */; };
		831ECD3018DD0FFF004D3C42 /* XCTest.framework in Frameworks */ = {isa = PBXBuildFile; fileRef = 831ECD2F18DD0FFF004D3C42 /* XCTest.framework */; };
		831ECD3118DD0FFF004D3C42 /* Foundation.framework in Frameworks */ = {isa = PBXBuildFile; fileRef = 831ECD1018DD0FFF004D3C42 /* Foundation.framework */; };
		831ECD3218DD0FFF004D3C42 /* UIKit.framework in Frameworks */ = {isa = PBXBuildFile; fileRef = 831ECD1418DD0FFF004D3C42 /* UIKit.framework */; };
		831ECD3A18DD0FFF004D3C42 /* InfoPlist.strings in Resources */ = {isa = PBXBuildFile; fileRef = 831ECD3818DD0FFF004D3C42 /* InfoPlist.strings */; };
		831ECD3C18DD0FFF004D3C42 /* Lemon_GrassTests.m in Sources */ = {isa = PBXBuildFile; fileRef = 831ECD3B18DD0FFF004D3C42 /* Lemon_GrassTests.m */; };
		831ECD4818DD1075004D3C42 /* ccarter_TableViewController.m in Sources */ = {isa = PBXBuildFile; fileRef = 831ECD4618DD1075004D3C42 /* ccarter_TableViewController.m */; };
		831ECD4918DD1075004D3C42 /* ccarter_TableViewController.xib in Resources */ = {isa = PBXBuildFile; fileRef = 831ECD4718DD1075004D3C42 /* ccarter_TableViewController.xib */; };
/* End PBXBuildFile section */

/* Begin PBXContainerItemProxy section */
		831ECD3318DD0FFF004D3C42 /* PBXContainerItemProxy */ = {
			isa = PBXContainerItemProxy;
			containerPortal = 831ECD0518DD0FFF004D3C42 /* Project object */;
			proxyType = 1;
			remoteGlobalIDString = 831ECD0C18DD0FFF004D3C42;
			remoteInfo = "Lemon Grass";
		};
/* End PBXContainerItemProxy section */

/* Begin PBXFileReference section */
		831ECD0D18DD0FFF004D3C42 /* Lemon Grass.app */ = {isa = PBXFileReference; explicitFileType = wrapper.application; includeInIndex = 0; path = "Lemon Grass.app"; sourceTree = BUILT_PRODUCTS_DIR; };
		831ECD1018DD0FFF004D3C42 /* Foundation.framework */ = {isa = PBXFileReference; lastKnownFileType = wrapper.framework; name = Foundation.framework; path = System/Library/Frameworks/Foundation.framework; sourceTree = SDKROOT; };
		831ECD1218DD0FFF004D3C42 /* CoreGraphics.framework */ = {isa = PBXFileReference; lastKnownFileType = wrapper.framework; name = CoreGraphics.framework; path = System/Library/Frameworks/CoreGraphics.framework; sourceTree = SDKROOT; };
		831ECD1418DD0FFF004D3C42 /* UIKit.framework */ = {isa = PBXFileReference; lastKnownFileType = wrapper.framework; name = UIKit.framework; path = System/Library/Frameworks/UIKit.framework; sourceTree = SDKROOT; };
		831ECD1818DD0FFF004D3C42 /* Lemon Grass-Info.plist */ = {isa = PBXFileReference; lastKnownFileType = text.plist.xml; path = "Lemon Grass-Info.plist"; sourceTree = "<group>"; };
		831ECD1A18DD0FFF004D3C42 /* en */ = {isa = PBXFileReference; lastKnownFileType = text.plist.strings; name = en; path = en.lproj/InfoPlist.strings; sourceTree = "<group>"; };
		831ECD1C18DD0FFF004D3C42 /* main.m */ = {isa = PBXFileReference; lastKnownFileType = sourcecode.c.objc; path = main.m; sourceTree = "<group>"; };
		831ECD1E18DD0FFF004D3C42 /* Lemon Grass-Prefix.pch */ = {isa = PBXFileReference; lastKnownFileType = sourcecode.c.h; path = "Lemon Grass-Prefix.pch"; sourceTree = "<group>"; };
		831ECD1F18DD0FFF004D3C42 /* ccarter_AppDelegate.h */ = {isa = PBXFileReference; lastKnownFileType = sourcecode.c.h; path = ccarter_AppDelegate.h; sourceTree = "<group>"; };
		831ECD2018DD0FFF004D3C42 /* ccarter_AppDelegate.m */ = {isa = PBXFileReference; lastKnownFileType = sourcecode.c.objc; path = ccarter_AppDelegate.m; sourceTree = "<group>"; };
		831ECD2318DD0FFF004D3C42 /* Base */ = {isa = PBXFileReference; lastKnownFileType = file.storyboard; name = Base; path = Base.lproj/Main.storyboard; sourceTree = "<group>"; };
		831ECD2518DD0FFF004D3C42 /* ccarter_ViewController.h */ = {isa = PBXFileReference; lastKnownFileType = sourcecode.c.h; path = ccarter_ViewController.h; sourceTree = "<group>"; };
		831ECD2618DD0FFF004D3C42 /* ccarter_ViewController.m */ = {isa = PBXFileReference; lastKnownFileType = sourcecode.c.objc; path = ccarter_ViewController.m; sourceTree = "<group>"; };
		831ECD2818DD0FFF004D3C42 /* Images.xcassets */ = {isa = PBXFileReference; lastKnownFileType = folder.assetcatalog; path = Images.xcassets; sourceTree = "<group>"; };
		831ECD2E18DD0FFF004D3C42 /* Lemon GrassTests.xctest */ = {isa = PBXFileReference; explicitFileType = wrapper.cfbundle; includeInIndex = 0; path = "Lemon GrassTests.xctest"; sourceTree = BUILT_PRODUCTS_DIR; };
		831ECD2F18DD0FFF004D3C42 /* XCTest.framework */ = {isa = PBXFileReference; lastKnownFileType = wrapper.framework; name = XCTest.framework; path = Library/Frameworks/XCTest.framework; sourceTree = DEVELOPER_DIR; };
		831ECD3718DD0FFF004D3C42 /* Lemon GrassTests-Info.plist */ = {isa = PBXFileReference; lastKnownFileType = text.plist.xml; path = "Lemon GrassTests-Info.plist"; sourceTree = "<group>"; };
		831ECD3918DD0FFF004D3C42 /* en */ = {isa = PBXFileReference; lastKnownFileType = text.plist.strings; name = en; path = en.lproj/InfoPlist.strings; sourceTree = "<group>"; };
		831ECD3B18DD0FFF004D3C42 /* Lemon_GrassTests.m */ = {isa = PBXFileReference; lastKnownFileType = sourcecode.c.objc; path = Lemon_GrassTests.m; sourceTree = "<group>"; };
		831ECD4518DD1075004D3C42 /* ccarter_TableViewController.h */ = {isa = PBXFileReference; fileEncoding = 4; lastKnownFileType = sourcecode.c.h; path = ccarter_TableViewController.h; sourceTree = "<group>"; };
		831ECD4618DD1075004D3C42 /* ccarter_TableViewController.m */ = {isa = PBXFileReference; fileEncoding = 4; lastKnownFileType = sourcecode.c.objc; path = ccarter_TableViewController.m; sourceTree = "<group>"; };
		831ECD4718DD1075004D3C42 /* ccarter_TableViewController.xib */ = {isa = PBXFileReference; fileEncoding = 4; lastKnownFileType = file.xib; path = ccarter_TableViewController.xib; sourceTree = "<group>"; };
/* End PBXFileReference section */

/* Begin PBXFrameworksBuildPhase section */
		831ECD0A18DD0FFF004D3C42 /* Frameworks */ = {
			isa = PBXFrameworksBuildPhase;
			buildActionMask = 2147483647;
			files = (
				831ECD1318DD0FFF004D3C42 /* CoreGraphics.framework in Frameworks */,
				831ECD1518DD0FFF004D3C42 /* UIKit.framework in Frameworks */,
				831ECD1118DD0FFF004D3C42 /* Foundation.framework in Frameworks */,
			);
			runOnlyForDeploymentPostprocessing = 0;
		};
		831ECD2B18DD0FFF004D3C42 /* Frameworks */ = {
			isa = PBXFrameworksBuildPhase;
			buildActionMask = 2147483647;
			files = (
				831ECD3018DD0FFF004D3C42 /* XCTest.framework in Frameworks */,
				831ECD3218DD0FFF004D3C42 /* UIKit.framework in Frameworks */,
				831ECD3118DD0FFF004D3C42 /* Foundation.framework in Frameworks */,
			);
			runOnlyForDeploymentPostprocessing = 0;
		};
/* End PBXFrameworksBuildPhase section */

/* Begin PBXGroup section */
		831ECD0418DD0FFF004D3C42 = {
			isa = PBXGroup;
			children = (
				831ECD1618DD0FFF004D3C42 /* Lemon Grass */,
				831ECD3518DD0FFF004D3C42 /* Lemon GrassTests */,
				831ECD0F18DD0FFF004D3C42 /* Frameworks */,
				831ECD0E18DD0FFF004D3C42 /* Products */,
			);
			sourceTree = "<group>";
		};
		831ECD0E18DD0FFF004D3C42 /* Products */ = {
			isa = PBXGroup;
			children = (
				831ECD0D18DD0FFF004D3C42 /* Lemon Grass.app */,
				831ECD2E18DD0FFF004D3C42 /* Lemon GrassTests.xctest */,
			);
			name = Products;
			sourceTree = "<group>";
		};
		831ECD0F18DD0FFF004D3C42 /* Frameworks */ = {
			isa = PBXGroup;
			children = (
				831ECD1018DD0FFF004D3C42 /* Foundation.framework */,
				831ECD1218DD0FFF004D3C42 /* CoreGraphics.framework */,
				831ECD1418DD0FFF004D3C42 /* UIKit.framework */,
				831ECD2F18DD0FFF004D3C42 /* XCTest.framework */,
			);
			name = Frameworks;
			sourceTree = "<group>";
		};
		831ECD1618DD0FFF004D3C42 /* Lemon Grass */ = {
			isa = PBXGroup;
			children = (
				831ECD1F18DD0FFF004D3C42 /* ccarter_AppDelegate.h */,
				831ECD2018DD0FFF004D3C42 /* ccarter_AppDelegate.m */,
				831ECD2218DD0FFF004D3C42 /* Main.storyboard */,
				831ECD4518DD1075004D3C42 /* ccarter_TableViewController.h */,
				831ECD4618DD1075004D3C42 /* ccarter_TableViewController.m */,
				831ECD4718DD1075004D3C42 /* ccarter_TableViewController.xib */,
				831ECD2518DD0FFF004D3C42 /* ccarter_ViewController.h */,
				831ECD2618DD0FFF004D3C42 /* ccarter_ViewController.m */,
				831ECD2818DD0FFF004D3C42 /* Images.xcassets */,
				831ECD1718DD0FFF004D3C42 /* Supporting Files */,
			);
			path = "Lemon Grass";
			sourceTree = "<group>";
		};
		831ECD1718DD0FFF004D3C42 /* Supporting Files */ = {
			isa = PBXGroup;
			children = (
				831ECD1818DD0FFF004D3C42 /* Lemon Grass-Info.plist */,
				831ECD1918DD0FFF004D3C42 /* InfoPlist.strings */,
				831ECD1C18DD0FFF004D3C42 /* main.m */,
				831ECD1E18DD0FFF004D3C42 /* Lemon Grass-Prefix.pch */,
			);
			name = "Supporting Files";
			sourceTree = "<group>";
		};
		831ECD3518DD0FFF004D3C42 /* Lemon GrassTests */ = {
			isa = PBXGroup;
			children = (
				831ECD3B18DD0FFF004D3C42 /* Lemon_GrassTests.m */,
				831ECD3618DD0FFF004D3C42 /* Supporting Files */,
			);
			path = "Lemon GrassTests";
			sourceTree = "<group>";
		};
		831ECD3618DD0FFF004D3C42 /* Supporting Files */ = {
			isa = PBXGroup;
			children = (
				831ECD3718DD0FFF004D3C42 /* Lemon GrassTests-Info.plist */,
				831ECD3818DD0FFF004D3C42 /* InfoPlist.strings */,
			);
			name = "Supporting Files";
			sourceTree = "<group>";
		};
/* End PBXGroup section */

/* Begin PBXNativeTarget section */
		831ECD0C18DD0FFF004D3C42 /* Lemon Grass */ = {
			isa = PBXNativeTarget;
			buildConfigurationList = 831ECD3F18DD0FFF004D3C42 /* Build configuration list for PBXNativeTarget "Lemon Grass" */;
			buildPhases = (
				831ECD0918DD0FFF004D3C42 /* Sources */,
				831ECD0A18DD0FFF004D3C42 /* Frameworks */,
				831ECD0B18DD0FFF004D3C42 /* Resources */,
			);
			buildRules = (
			);
			dependencies = (
			);
			name = "Lemon Grass";
			productName = "Lemon Grass";
			productReference = 831ECD0D18DD0FFF004D3C42 /* Lemon Grass.app */;
			productType = "com.apple.product-type.application";
		};
		831ECD2D18DD0FFF004D3C42 /* Lemon GrassTests */ = {
			isa = PBXNativeTarget;
			buildConfigurationList = 831ECD4218DD0FFF004D3C42 /* Build configuration list for PBXNativeTarget "Lemon GrassTests" */;
			buildPhases = (
				831ECD2A18DD0FFF004D3C42 /* Sources */,
				831ECD2B18DD0FFF004D3C42 /* Frameworks */,
				831ECD2C18DD0FFF004D3C42 /* Resources */,
			);
			buildRules = (
			);
			dependencies = (
				831ECD3418DD0FFF004D3C42 /* PBXTargetDependency */,
			);
			name = "Lemon GrassTests";
			productName = "Lemon GrassTests";
			productReference = 831ECD2E18DD0FFF004D3C42 /* Lemon GrassTests.xctest */;
			productType = "com.apple.product-type.bundle.unit-test";
		};
/* End PBXNativeTarget section */

/* Begin PBXProject section */
		831ECD0518DD0FFF004D3C42 /* Project object */ = {
			isa = PBXProject;
			attributes = {
				CLASSPREFIX = ccarter_;
				LastUpgradeCheck = 0510;
				ORGANIZATIONNAME = CCarterOnline;
				TargetAttributes = {
					831ECD2D18DD0FFF004D3C42 = {
						TestTargetID = 831ECD0C18DD0FFF004D3C42;
					};
				};
			};
			buildConfigurationList = 831ECD0818DD0FFF004D3C42 /* Build configuration list for PBXProject "Lemon Grass" */;
			compatibilityVersion = "Xcode 3.2";
			developmentRegion = English;
			hasScannedForEncodings = 0;
			knownRegions = (
				en,
				Base,
			);
			mainGroup = 831ECD0418DD0FFF004D3C42;
			productRefGroup = 831ECD0E18DD0FFF004D3C42 /* Products */;
			projectDirPath = "";
			projectRoot = "";
			targets = (
				831ECD0C18DD0FFF004D3C42 /* Lemon Grass */,
				831ECD2D18DD0FFF004D3C42 /* Lemon GrassTests */,
			);
		};
/* End PBXProject section */

/* Begin PBXResourcesBuildPhase section */
		831ECD0B18DD0FFF004D3C42 /* Resources */ = {
			isa = PBXResourcesBuildPhase;
			buildActionMask = 2147483647;
			files = (
				831ECD2918DD0FFF004D3C42 /* Images.xcassets in Resources */,
				831ECD1B18DD0FFF004D3C42 /* InfoPlist.strings in Resources */,
				831ECD4918DD1075004D3C42 /* ccarter_TableViewController.xib in Resources */,
				831ECD2418DD0FFF004D3C42 /* Main.storyboard in Resources */,
			);
			runOnlyForDeploymentPostprocessing = 0;
		};
		831ECD2C18DD0FFF004D3C42 /* Resources */ = {
			isa = PBXResourcesBuildPhase;
			buildActionMask = 2147483647;
			files = (
				831ECD3A18DD0FFF004D3C42 /* InfoPlist.strings in Resources */,
			);
			runOnlyForDeploymentPostprocessing = 0;
		};
/* End PBXResourcesBuildPhase section */

/* Begin PBXSourcesBuildPhase section */
		831ECD0918DD0FFF004D3C42 /* Sources */ = {
			isa = PBXSourcesBuildPhase;
			buildActionMask = 2147483647;
			files = (
				831ECD1D18DD0FFF004D3C42 /* main.m in Sources */,
				831ECD2718DD0FFF004D3C42 /* ccarter_ViewController.m in Sources */,
				831ECD4818DD1075004D3C42 /* ccarter_TableViewController.m in Sources */,
				831ECD2118DD0FFF004D3C42 /* ccarter_AppDelegate.m in Sources */,
			);
			runOnlyForDeploymentPostprocessing = 0;
		};
		831ECD2A18DD0FFF004D3C42 /* Sources */ = {
			isa = PBXSourcesBuildPhase;
			buildActionMask = 2147483647;
			files = (
				831ECD3C18DD0FFF004D3C42 /* Lemon_GrassTests.m in Sources */,
			);
			runOnlyForDeploymentPostprocessing = 0;
		};
/* End PBXSourcesBuildPhase section */

/* Begin PBXTargetDependency section */
		831ECD3418DD0FFF004D3C42 /* PBXTargetDependency */ = {
			isa = PBXTargetDependency;
			target = 831ECD0C18DD0FFF004D3C42 /* Lemon Grass */;
			targetProxy = 831ECD3318DD0FFF004D3C42 /* PBXContainerItemProxy */;
		};
/* End PBXTargetDependency section */

/* Begin PBXVariantGroup section */
		831ECD1918DD0FFF004D3C42 /* InfoPlist.strings */ = {
			isa = PBXVariantGroup;
			children = (
				831ECD1A18DD0FFF004D3C42 /* en */,
			);
			name = InfoPlist.strings;
			sourceTree = "<group>";
		};
		831ECD2218DD0FFF004D3C42 /* Main.storyboard */ = {
			isa = PBXVariantGroup;
			children = (
				831ECD2318DD0FFF004D3C42 /* Base */,
			);
			name = Main.storyboard;
			sourceTree = "<group>";
		};
		831ECD3818DD0FFF004D3C42 /* InfoPlist.strings */ = {
			isa = PBXVariantGroup;
			children = (
				831ECD3918DD0FFF004D3C42 /* en */,
			);
			name = InfoPlist.strings;
			sourceTree = "<group>";
		};
/* End PBXVariantGroup section */

/* Begin XCBuildConfiguration section */
		831ECD3D18DD0FFF004D3C42 /* Debug */ = {
			isa = XCBuildConfiguration;
			buildSettings = {
				ALWAYS_SEARCH_USER_PATHS = NO;
				CLANG_CXX_LANGUAGE_STANDARD = "gnu++0x";
				CLANG_CXX_LIBRARY = "libc++";
				CLANG_ENABLE_MODULES = YES;
				CLANG_ENABLE_OBJC_ARC = YES;
				CLANG_WARN_BOOL_CONVERSION = YES;
				CLANG_WARN_CONSTANT_CONVERSION = YES;
				CLANG_WARN_DIRECT_OBJC_ISA_USAGE = YES_ERROR;
				CLANG_WARN_EMPTY_BODY = YES;
				CLANG_WARN_ENUM_CONVERSION = YES;
				CLANG_WARN_INT_CONVERSION = YES;
				CLANG_WARN_OBJC_ROOT_CLASS = YES_ERROR;
				CLANG_WARN__DUPLICATE_METHOD_MATCH = YES;
				"CODE_SIGN_IDENTITY[sdk=iphoneos*]" = "iPhone Developer";
				COPY_PHASE_STRIP = NO;
				GCC_C_LANGUAGE_STANDARD = gnu99;
				GCC_DYNAMIC_NO_PIC = NO;
				GCC_OPTIMIZATION_LEVEL = 0;
				GCC_PREPROCESSOR_DEFINITIONS = (
					"DEBUG=1",
					"$(inherited)",
				);
				GCC_SYMBOLS_PRIVATE_EXTERN = NO;
				GCC_WARN_64_TO_32_BIT_CONVERSION = YES;
				GCC_WARN_ABOUT_RETURN_TYPE = YES_ERROR;
				GCC_WARN_UNDECLARED_SELECTOR = YES;
				GCC_WARN_UNINITIALIZED_AUTOS = YES_AGGRESSIVE;
				GCC_WARN_UNUSED_FUNCTION = YES;
				GCC_WARN_UNUSED_VARIABLE = YES;
				IPHONEOS_DEPLOYMENT_TARGET = 7.1;
				ONLY_ACTIVE_ARCH = YES;
				SDKROOT = iphoneos;
			};
			name = Debug;
		};
		831ECD3E18DD0FFF004D3C42 /* Release */ = {
			isa = XCBuildConfiguration;
			buildSettings = {
				ALWAYS_SEARCH_USER_PATHS = NO;
				CLANG_CXX_LANGUAGE_STANDARD = "gnu++0x";
				CLANG_CXX_LIBRARY = "libc++";
				CLANG_ENABLE_MODULES = YES;
				CLANG_ENABLE_OBJC_ARC = YES;
				CLANG_WARN_BOOL_CONVERSION = YES;
				CLANG_WARN_CONSTANT_CONVERSION = YES;
				CLANG_WARN_DIRECT_OBJC_ISA_USAGE = YES_ERROR;
				CLANG_WARN_EMPTY_BODY = YES;
				CLANG_WARN_ENUM_CONVERSION = YES;
				CLANG_WARN_INT_CONVERSION = YES;
				CLANG_WARN_OBJC_ROOT_CLASS = YES_ERROR;
				CLANG_WARN__DUPLICATE_METHOD_MATCH = YES;
				"CODE_SIGN_IDENTITY[sdk=iphoneos*]" = "iPhone Developer";
				COPY_PHASE_STRIP = YES;
				ENABLE_NS_ASSERTIONS = NO;
				GCC_C_LANGUAGE_STANDARD = gnu99;
				GCC_WARN_64_TO_32_BIT_CONVERSION = YES;
				GCC_WARN_ABOUT_RETURN_TYPE = YES_ERROR;
				GCC_WARN_UNDECLARED_SELECTOR = YES;
				GCC_WARN_UNINITIALIZED_AUTOS = YES_AGGRESSIVE;
				GCC_WARN_UNUSED_FUNCTION = YES;
				GCC_WARN_UNUSED_VARIABLE = YES;
				IPHONEOS_DEPLOYMENT_TARGET = 7.1;
				SDKROOT = iphoneos;
				VALIDATE_PRODUCT = YES;
			};
			name = Release;
		};
		831ECD4018DD0FFF004D3C42 /* Debug */ = {
			isa = XCBuildConfiguration;
			buildSettings = {
				ASSETCATALOG_COMPILER_APPICON_NAME = AppIcon;
				ASSETCATALOG_COMPILER_LAUNCHIMAGE_NAME = LaunchImage;
				GCC_PRECOMPILE_PREFIX_HEADER = YES;
				GCC_PREFIX_HEADER = "Lemon Grass/Lemon Grass-Prefix.pch";
				INFOPLIST_FILE = "Lemon Grass/Lemon Grass-Info.plist";
				PRODUCT_NAME = "$(TARGET_NAME)";
				WRAPPER_EXTENSION = app;
			};
			name = Debug;
		};
		831ECD4118DD0FFF004D3C42 /* Release */ = {
			isa = XCBuildConfiguration;
			buildSettings = {
				ASSETCATALOG_COMPILER_APPICON_NAME = AppIcon;
				ASSETCATALOG_COMPILER_LAUNCHIMAGE_NAME = LaunchImage;
				GCC_PRECOMPILE_PREFIX_HEADER = YES;
				GCC_PREFIX_HEADER = "Lemon Grass/Lemon Grass-Prefix.pch";
				INFOPLIST_FILE = "Lemon Grass/Lemon Grass-Info.plist";
				PRODUCT_NAME = "$(TARGET_NAME)";
				WRAPPER_EXTENSION = app;
			};
			name = Release;
		};
		831ECD4318DD0FFF004D3C42 /* Debug */ = {
			isa = XCBuildConfiguration;
			buildSettings = {
				BUNDLE_LOADER = "$(BUILT_PRODUCTS_DIR)/Lemon Grass.app/Lemon Grass";
				FRAMEWORK_SEARCH_PATHS = (
					"$(SDKROOT)/Developer/Library/Frameworks",
					"$(inherited)",
					"$(DEVELOPER_FRAMEWORKS_DIR)",
				);
				GCC_PRECOMPILE_PREFIX_HEADER = YES;
				GCC_PREFIX_HEADER = "Lemon Grass/Lemon Grass-Prefix.pch";
				GCC_PREPROCESSOR_DEFINITIONS = (
					"DEBUG=1",
					"$(inherited)",
				);
				INFOPLIST_FILE = "Lemon GrassTests/Lemon GrassTests-Info.plist";
				PRODUCT_NAME = "$(TARGET_NAME)";
				TEST_HOST = "$(BUNDLE_LOADER)";
				WRAPPER_EXTENSION = xctest;
			};
			name = Debug;
		};
		831ECD4418DD0FFF004D3C42 /* Release */ = {
			isa = XCBuildConfiguration;
			buildSettings = {
				BUNDLE_LOADER = "$(BUILT_PRODUCTS_DIR)/Lemon Grass.app/Lemon Grass";
				FRAMEWORK_SEARCH_PATHS = (
					"$(SDKROOT)/Developer/Library/Frameworks",
					"$(inherited)",
					"$(DEVELOPER_FRAMEWORKS_DIR)",
				);
				GCC_PRECOMPILE_PREFIX_HEADER = YES;
				GCC_PREFIX_HEADER = "Lemon Grass/Lemon Grass-Prefix.pch";
				INFOPLIST_FILE = "Lemon GrassTests/Lemon GrassTests-Info.plist";
				PRODUCT_NAME = "$(TARGET_NAME)";
				TEST_HOST = "$(BUNDLE_LOADER)";
				WRAPPER_EXTENSION = xctest;
			};
			name = Release;
		};
/* End XCBuildConfiguration section */

/* Begin XCConfigurationList section */
		831ECD0818DD0FFF004D3C42 /* Build configuration list for PBXProject "Lemon Grass" */ = {
			isa = XCConfigurationList;
			buildConfigurations = (
				831ECD3D18DD0FFF004D3C42 /* Debug */,
				831ECD3E18DD0FFF004D3C42 /* Release */,
			);
			defaultConfigurationIsVisible = 0;
			defaultConfigurationName = Release;
		};
		831ECD3F18DD0FFF004D3C42 /* Build configuration list for PBXNativeTarget "Lemon Grass" */ = {
			isa = XCConfigurationList;
			buildConfigurations = (
				831ECD4018DD0FFF004D3C42 /* Debug */,
				831ECD4118DD0FFF004D3C42 /* Release */,
			);
			defaultConfigurationIsVisible = 0;
		};
		831ECD4218DD0FFF004D3C42 /* Build configuration list for PBXNativeTarget "Lemon GrassTests" */ = {
			isa = XCConfigurationList;
			buildConfigurations = (
				831ECD4318DD0FFF004D3C42 /* Debug */,
				831ECD4418DD0FFF004D3C42 /* Release */,
			);
			defaultConfigurationIsVisible = 0;
		};
/* End XCConfigurationList section */
	};
	rootObject = 831ECD0518DD0FFF004D3C42 /* Project object */;
}
